#include <iostream>
using namespace std;

void factorial(int n, int& result) {
    if (n == 0 || n == 1) {
        result = 1;
    }
    else {
        factorial(n - 1, result);
        result *= n;
    }
}

int main() {
    setlocale(0, ".1251");
    int n = 5;
    int result;

    factorial(n, result);

    cout << "Факторiал " << n << " = " << result << endl;

    return 0;
}
