#include <iostream>
#include <cmath>
using namespace std;

#ifndef M_PI
#define M_PI 3.14159265358979323846
#endif

double area(double side) {
    return side * side;
}

double area(double length, double width) {
    return length * width;
}

double areaCircle(double radius) {
    return M_PI * radius * radius;
}

double areaTriangle(double base, double height) {
    return 0.5 * base * height;
}

int main() {
    cout << "Площа квадрата: " << area(4) << endl;
    cout << "Площа прямокутника: " << area(4, 5) << endl;
    cout << "Площа кола: " << areaCircle(3) << endl;
    cout << "Площа трикутника: " << areaTriangle(3, 6) << endl;

    return 0;
}
