#include <iostream>
using namespace std;

void swapByValue(int a, int b) {
    int temp = a;
    a = b;
    b = temp;
}

void swapByReference(int& a, int& b) {
    int temp = a;
    a = b;
    b = temp;
}

int main() {
    setlocale(0, ".1251");
    int x = 5, y = 10;

    swapByValue(x, y);
    cout << "Пiсля swap за значенням: x = " << x << ", y = " << y << endl;

    swapByReference(x, y);
    cout << "Пiсля swap за посиланням: x = " << x << ", y = " << y << endl;

    return 0;
}
