#include <iostream>
using namespace std;

int minByValue(int a, int b) {
    return (a < b) ? a : b;
}

int minByReference(int& a, int& b) {
    return (a < b) ? a : b;
}

int main() {
    setlocale(0, ".1251");
    int x = 10;
    int y = 20;

    int minValue1 = minByValue(x, y);
    cout << "Мiнiмальне значення (за значенням): " << minValue1 << endl;

    int minValue2 = minByReference(x, y);
    cout << "Мiнiмальне значення (за посиланням): " << minValue2 << endl;

    return 0;
}
