#include <iostream>
#include <string>
using namespace std;

int sum(int a, int b) {
    setlocale(0, ".1251");
    return a + b;
}

double sum(double a, double b) {
    return a + b;
}

string sum(string a, string b) {
    return a + b;
}

int main() {
    int intResult = sum(3, 4);
    double doubleResult = sum(3.5, 4.2);
    string stringResult = sum("Hello, ", "world!");

    cout << "Сума цiлих чисел: " << intResult << endl;
    cout << "Сума чисел з плаваючою крапкою: " << doubleResult << endl;
    cout << "Сума рядкiв: " << stringResult << endl;

    return 0;
}
